
Microsoft Visual Studio Solution File, Format Version 12.00
# Visual Studio 15
VisualStudioVersion = 15.0.28307.1000
MinimumVisualStudioVersion = 10.0.40219.1
Project("{FAE04EC0-301F-11D3-BF4B-00C04F79EFBC}") = "PickingNumbers", "PickingNumbers\PickingNumbers.csproj", "{9499A7A3-5416-4338-BB48-FA3C01D63A41}"
EndProject
Global
	GlobalSection(SolutionConfigurationPlatforms) = preSolution
		Debug|Any CPU = Debug|Any CPU
		Release|Any CPU = Release|Any CPU
	EndGlobalSection
	GlobalSection(ProjectConfigurationPlatforms) = postSolution
		{9499A7A3-5416-4338-BB48-FA3C01D63A41}.Debug|Any CPU.ActiveCfg = Debug|Any CPU
		{9499A7A3-5416-4338-BB48-FA3C01D63A41}.Debug|Any CPU.Build.0 = Debug|Any CPU
		{9499A7A3-5416-4338-BB48-FA3C01D63A41}.Release|Any CPU.ActiveCfg = Release|Any CPU
		{9499A7A3-5416-4338-BB48-FA3C01D63A41}.Release|Any CPU.Build.0 = Release|Any CPU
	EndGlobalSection
	GlobalSection(SolutionProperties) = preSolution
		HideSolutionNode = FALSE
	EndGlobalSection
	GlobalSection(ExtensibilityGlobals) = postSolution
		SolutionGuid = {81A54AB9-CB51-464E-8146-CBEFA1033AA5}
	EndGlobalSection
EndGlobal
