
Microsoft Visual Studio Solution File, Format Version 12.00
# Visual Studio Version 16
VisualStudioVersion = 16.0.29613.14
MinimumVisualStudioVersion = 10.0.40219.1
Project("{9A19103F-16F7-4668-BE54-9A1E7A4F7556}") = "AppleAndOrange", "AppleAndOrange.csproj", "{7273DA07-D957-4249-A8B8-8B44A82E9C8C}"
EndProject
Global
	GlobalSection(SolutionConfigurationPlatforms) = preSolution
		Debug|Any CPU = Debug|Any CPU
		Release|Any CPU = Release|Any CPU
	EndGlobalSection
	GlobalSection(ProjectConfigurationPlatforms) = postSolution
		{7273DA07-D957-4249-A8B8-8B44A82E9C8C}.Debug|Any CPU.ActiveCfg = Debug|Any CPU
		{7273DA07-D957-4249-A8B8-8B44A82E9C8C}.Debug|Any CPU.Build.0 = Debug|Any CPU
		{7273DA07-D957-4249-A8B8-8B44A82E9C8C}.Release|Any CPU.ActiveCfg = Release|Any CPU
		{7273DA07-D957-4249-A8B8-8B44A82E9C8C}.Release|Any CPU.Build.0 = Release|Any CPU
	EndGlobalSection
	GlobalSection(SolutionProperties) = preSolution
		HideSolutionNode = FALSE
	EndGlobalSection
	GlobalSection(ExtensibilityGlobals) = postSolution
		SolutionGuid = {B50EE540-8A42-4B9F-8F93-41B24BB24FF5}
	EndGlobalSection
EndGlobal
