
Microsoft Visual Studio Solution File, Format Version 12.00
# Visual Studio Version 16
VisualStudioVersion = 16.0.29709.97
MinimumVisualStudioVersion = 10.0.40219.1
Project("{FAE04EC0-301F-11D3-BF4B-00C04F79EFBC}") = "BonAppetit", "BonAppetit\BonAppetit.csproj", "{9EC680F6-ECB5-40B2-AD8D-1664169B9323}"
EndProject
Global
	GlobalSection(SolutionConfigurationPlatforms) = preSolution
		Debug|Any CPU = Debug|Any CPU
		Release|Any CPU = Release|Any CPU
	EndGlobalSection
	GlobalSection(ProjectConfigurationPlatforms) = postSolution
		{9EC680F6-ECB5-40B2-AD8D-1664169B9323}.Debug|Any CPU.ActiveCfg = Debug|Any CPU
		{9EC680F6-ECB5-40B2-AD8D-1664169B9323}.Debug|Any CPU.Build.0 = Debug|Any CPU
		{9EC680F6-ECB5-40B2-AD8D-1664169B9323}.Release|Any CPU.ActiveCfg = Release|Any CPU
		{9EC680F6-ECB5-40B2-AD8D-1664169B9323}.Release|Any CPU.Build.0 = Release|Any CPU
	EndGlobalSection
	GlobalSection(SolutionProperties) = preSolution
		HideSolutionNode = FALSE
	EndGlobalSection
	GlobalSection(ExtensibilityGlobals) = postSolution
		SolutionGuid = {10E7796A-6E8A-4D0B-A45E-304C77A4D985}
	EndGlobalSection
EndGlobal
